
Microsoft Visual Studio Solution File, Format Version 12.00
# Visual Studio 2017
Project("{FAE04EC0-301F-11D3-BF4B-00C04F79EFBC}") = "Solar", "Solar.csproj", "{68C35BFB-7E52-975D-F246-3B13E54D16FC}"
EndProject
Global
	GlobalSection(SolutionConfigurationPlatforms) = preSolution
		Debug|Any CPU = Debug|Any CPU
		Release|Any CPU = Release|Any CPU
	EndGlobalSection
	GlobalSection(ProjectConfigurationPlatforms) = postSolution
		{68C35BFB-7E52-975D-F246-3B13E54D16FC}.Debug|Any CPU.ActiveCfg = Debug|Any CPU
		{68C35BFB-7E52-975D-F246-3B13E54D16FC}.Debug|Any CPU.Build.0 = Debug|Any CPU
		{68C35BFB-7E52-975D-F246-3B13E54D16FC}.Release|Any CPU.ActiveCfg = Release|Any CPU
		{68C35BFB-7E52-975D-F246-3B13E54D16FC}.Release|Any CPU.Build.0 = Release|Any CPU
	EndGlobalSection
	GlobalSection(SolutionProperties) = preSolution
		HideSolutionNode = FALSE
	EndGlobalSection
EndGlobal
